// !$*UTF8*$!
{
	archiveVersion = 1;
	classes = {
	};
	objectVersion = 50;
	objects = {

/* Begin PBXBuildFile section */
		E58453C12688FDF900D94D05 /* Screenshot01.png in Resources */ = {isa = PBXBuildFile; fileRef = E58453BF2688FDF900D94D05 /* Screenshot01.png */; };
		E58453C22688FDF900D94D05 /* Screenshot02.png in Resources */ = {isa = PBXBuildFile; fileRef = E58453C02688FDF900D94D05 /* Screenshot02.png */; };
		E58453C42688FF4600D94D05 /* README.md in Resources */ = {isa = PBXBuildFile; fileRef = E58453C32688FF4600D94D05 /* README.md */; };
		E58508B02682603D0075744E /* AppDelegate.swift in Sources */ = {isa = PBXBuildFile; fileRef = E58508AF2682603D0075744E /* AppDelegate.swift */; };
		E58508B22682603D0075744E /* SceneDelegate.swift in Sources */ = {isa = PBXBuildFile; fileRef = E58508B12682603D0075744E /* SceneDelegate.swift */; };
		E58508B72682603D0075744E /* Main.storyboard in Resources */ = {isa = PBXBuildFile; fileRef = E58508B52682603D0075744E /* Main.storyboard */; };
		E58508B92682603E0075744E /* Assets.xcassets in Resources */ = {isa = PBXBuildFile; fileRef = E58508B82682603E0075744E /* Assets.xcassets */; };
		E58508BC2682603E0075744E /* LaunchScreen.storyboard in Resources */ = {isa = PBXBuildFile; fileRef = E58508BA2682603E0075744E /* LaunchScreen.storyboard */; };
		E58508C12682603E0075744E /* Guess It WatchKit App.app in Embed Watch Content */ = {isa = PBXBuildFile; fileRef = E58508C02682603E0075744E /* Guess It WatchKit App.app */; settings = {ATTRIBUTES = (RemoveHeadersOnCopy, ); }; };
		E58508C72682603E0075744E /* Interface.storyboard in Resources */ = {isa = PBXBuildFile; fileRef = E58508C52682603E0075744E /* Interface.storyboard */; };
		E58508C92682603F0075744E /* Assets.xcassets in Resources */ = {isa = PBXBuildFile; fileRef = E58508C82682603F0075744E /* Assets.xcassets */; };
		E58508D02682603F0075744E /* Guess It WatchKit Extension.appex in Embed App Extensions */ = {isa = PBXBuildFile; fileRef = E58508CF2682603F0075744E /* Guess It WatchKit Extension.appex */; settings = {ATTRIBUTES = (RemoveHeadersOnCopy, ); }; };
		E58508D52682603F0075744E /* InterfaceController.swift in Sources */ = {isa = PBXBuildFile; fileRef = E58508D42682603F0075744E /* InterfaceController.swift */; };
		E58508D72682603F0075744E /* ExtensionDelegate.swift in Sources */ = {isa = PBXBuildFile; fileRef = E58508D62682603F0075744E /* ExtensionDelegate.swift */; };
		E58508D92682603F0075744E /* ComplicationController.swift in Sources */ = {isa = PBXBuildFile; fileRef = E58508D82682603F0075744E /* ComplicationController.swift */; };
		E58508DB2682603F0075744E /* Assets.xcassets in Resources */ = {isa = PBXBuildFile; fileRef = E58508DA2682603F0075744E /* Assets.xcassets */; };
		E5A4B42A2685C5D8008564C2 /* FilmModel.swift in Sources */ = {isa = PBXBuildFile; fileRef = E5A4B4292685C5D8008564C2 /* FilmModel.swift */; };
/* End PBXBuildFile section */

/* Begin PBXContainerItemProxy section */
		E58508C22682603E0075744E /* PBXContainerItemProxy */ = {
			isa = PBXContainerItemProxy;
			containerPortal = E58508A42682603C0075744E /* Project object */;
			proxyType = 1;
			remoteGlobalIDString = E58508BF2682603E0075744E;
			remoteInfo = "Guess It WatchKit App";
		};
		E58508D12682603F0075744E /* PBXContainerItemProxy */ = {
			isa = PBXContainerItemProxy;
			containerPortal = E58508A42682603C0075744E /* Project object */;
			proxyType = 1;
			remoteGlobalIDString = E58508CE2682603F0075744E;
			remoteInfo = "Guess It WatchKit Extension";
		};
/* End PBXContainerItemProxy section */

/* Begin PBXCopyFilesBuildPhase section */
		E58508E22682603F0075744E /* Embed App Extensions */ = {
			isa = PBXCopyFilesBuildPhase;
			buildActionMask = 2147483647;
			dstPath = "";
			dstSubfolderSpec = 13;
			files = (
				E58508D02682603F0075744E /* Guess It WatchKit Extension.appex in Embed App Extensions */,
			);
			name = "Embed App Extensions";
			runOnlyForDeploymentPostprocessing = 0;
		};
		E58508E62682603F0075744E /* Embed Watch Content */ = {
			isa = PBXCopyFilesBuildPhase;
			buildActionMask = 2147483647;
			dstPath = "$(CONTENTS_FOLDER_PATH)/Watch";
			dstSubfolderSpec = 16;
			files = (
				E58508C12682603E0075744E /* Guess It WatchKit App.app in Embed Watch Content */,
			);
			name = "Embed Watch Content";
			runOnlyForDeploymentPostprocessing = 0;
		};
/* End PBXCopyFilesBuildPhase section */

/* Begin PBXFileReference section */
		E58453BF2688FDF900D94D05 /* Screenshot01.png */ = {isa = PBXFileReference; lastKnownFileType = image.png; path = Screenshot01.png; sourceTree = "<group>"; };
		E58453C02688FDF900D94D05 /* Screenshot02.png */ = {isa = PBXFileReference; lastKnownFileType = image.png; path = Screenshot02.png; sourceTree = "<group>"; };
		E58453C32688FF4600D94D05 /* README.md */ = {isa = PBXFileReference; fileEncoding = 4; lastKnownFileType = net.daringfireball.markdown; path = README.md; sourceTree = "<group>"; };
		E58508AC2682603D0075744E /* Guess It.app */ = {isa = PBXFileReference; explicitFileType = wrapper.application; includeInIndex = 0; path = "Guess It.app"; sourceTree = BUILT_PRODUCTS_DIR; };
		E58508AF2682603D0075744E /* AppDelegate.swift */ = {isa = PBXFileReference; lastKnownFileType = sourcecode.swift; path = AppDelegate.swift; sourceTree = "<group>"; };
		E58508B12682603D0075744E /* SceneDelegate.swift */ = {isa = PBXFileReference; lastKnownFileType = sourcecode.swift; path = SceneDelegate.swift; sourceTree = "<group>"; };
		E58508B62682603D0075744E /* Base */ = {isa = PBXFileReference; lastKnownFileType = file.storyboard; name = Base; path = Base.lproj/Main.storyboard; sourceTree = "<group>"; };
		E58508B82682603E0075744E /* Assets.xcassets */ = {isa = PBXFileReference; lastKnownFileType = folder.assetcatalog; path = Assets.xcassets; sourceTree = "<group>"; };
		E58508BB2682603E0075744E /* Base */ = {isa = PBXFileReference; lastKnownFileType = file.storyboard; name = Base; path = Base.lproj/LaunchScreen.storyboard; sourceTree = "<group>"; };
		E58508BD2682603E0075744E /* Info.plist */ = {isa = PBXFileReference; lastKnownFileType = text.plist.xml; path = Info.plist; sourceTree = "<group>"; };
		E58508C02682603E0075744E /* Guess It WatchKit App.app */ = {isa = PBXFileReference; explicitFileType = wrapper.application; includeInIndex = 0; path = "Guess It WatchKit App.app"; sourceTree = BUILT_PRODUCTS_DIR; };
		E58508C62682603E0075744E /* Base */ = {isa = PBXFileReference; lastKnownFileType = file.storyboard; name = Base; path = Base.lproj/Interface.storyboard; sourceTree = "<group>"; };
		E58508C82682603F0075744E /* Assets.xcassets */ = {isa = PBXFileReference; lastKnownFileType = folder.assetcatalog; path = Assets.xcassets; sourceTree = "<group>"; };
		E58508CA2682603F0075744E /* Info.plist */ = {isa = PBXFileReference; lastKnownFileType = text.plist.xml; path = Info.plist; sourceTree = "<group>"; };
		E58508CF2682603F0075744E /* Guess It WatchKit Extension.appex */ = {isa = PBXFileReference; explicitFileType = "wrapper.app-extension"; includeInIndex = 0; path = "Guess It WatchKit Extension.appex"; sourceTree = BUILT_PRODUCTS_DIR; };
		E58508D42682603F0075744E /* InterfaceController.swift */ = {isa = PBXFileReference; lastKnownFileType = sourcecode.swift; path = InterfaceController.swift; sourceTree = "<group>"; };
		E58508D62682603F0075744E /* ExtensionDelegate.swift */ = {isa = PBXFileReference; lastKnownFileType = sourcecode.swift; path = ExtensionDelegate.swift; sourceTree = "<group>"; };
		E58508D82682603F0075744E /* ComplicationController.swift */ = {isa = PBXFileReference; lastKnownFileType = sourcecode.swift; path = ComplicationController.swift; sourceTree = "<group>"; };
		E58508DA2682603F0075744E /* Assets.xcassets */ = {isa = PBXFileReference; lastKnownFileType = folder.assetcatalog; path = Assets.xcassets; sourceTree = "<group>"; };
		E58508DC2682603F0075744E /* Info.plist */ = {isa = PBXFileReference; lastKnownFileType = text.plist.xml; path = Info.plist; sourceTree = "<group>"; };
		E5A4B4292685C5D8008564C2 /* FilmModel.swift */ = {isa = PBXFileReference; lastKnownFileType = sourcecode.swift; path = FilmModel.swift; sourceTree = "<group>"; };
/* End PBXFileReference section */

/* Begin PBXFrameworksBuildPhase section */
		E58508A92682603D0075744E /* Frameworks */ = {
			isa = PBXFrameworksBuildPhase;
			buildActionMask = 2147483647;
			files = (
			);
			runOnlyForDeploymentPostprocessing = 0;
		};
		E58508CC2682603F0075744E /* Frameworks */ = {
			isa = PBXFrameworksBuildPhase;
			buildActionMask = 2147483647;
			files = (
			);
			runOnlyForDeploymentPostprocessing = 0;
		};
/* End PBXFrameworksBuildPhase section */

/* Begin PBXGroup section */
		E58453BA2688FD9F00D94D05 /* Screenshots */ = {
			isa = PBXGroup;
			children = (
				E58453BF2688FDF900D94D05 /* Screenshot01.png */,
				E58453C02688FDF900D94D05 /* Screenshot02.png */,
			);
			path = Screenshots;
			sourceTree = "<group>";
		};
		E58508A32682603C0075744E = {
			isa = PBXGroup;
			children = (
				E58453BA2688FD9F00D94D05 /* Screenshots */,
				E58453C32688FF4600D94D05 /* README.md */,
				E58508AE2682603D0075744E /* Guess It */,
				E58508C42682603E0075744E /* Guess It WatchKit App */,
				E58508D32682603F0075744E /* Guess It WatchKit Extension */,
				E58508AD2682603D0075744E /* Products */,
			);
			sourceTree = "<group>";
		};
		E58508AD2682603D0075744E /* Products */ = {
			isa = PBXGroup;
			children = (
				E58508AC2682603D0075744E /* Guess It.app */,
				E58508C02682603E0075744E /* Guess It WatchKit App.app */,
				E58508CF2682603F0075744E /* Guess It WatchKit Extension.appex */,
			);
			name = Products;
			sourceTree = "<group>";
		};
		E58508AE2682603D0075744E /* Guess It */ = {
			isa = PBXGroup;
			children = (
				E58508AF2682603D0075744E /* AppDelegate.swift */,
				E58508B12682603D0075744E /* SceneDelegate.swift */,
				E58508B52682603D0075744E /* Main.storyboard */,
				E58508B82682603E0075744E /* Assets.xcassets */,
				E58508BA2682603E0075744E /* LaunchScreen.storyboard */,
				E58508BD2682603E0075744E /* Info.plist */,
			);
			path = "Guess It";
			sourceTree = "<group>";
		};
		E58508C42682603E0075744E /* Guess It WatchKit App */ = {
			isa = PBXGroup;
			children = (
				E58508C52682603E0075744E /* Interface.storyboard */,
				E58508C82682603F0075744E /* Assets.xcassets */,
				E58508CA2682603F0075744E /* Info.plist */,
			);
			path = "Guess It WatchKit App";
			sourceTree = "<group>";
		};
		E58508D32682603F0075744E /* Guess It WatchKit Extension */ = {
			isa = PBXGroup;
			children = (
				E58508D42682603F0075744E /* InterfaceController.swift */,
				E5A4B4292685C5D8008564C2 /* FilmModel.swift */,
				E58508D62682603F0075744E /* ExtensionDelegate.swift */,
				E58508D82682603F0075744E /* ComplicationController.swift */,
				E58508DA2682603F0075744E /* Assets.xcassets */,
				E58508DC2682603F0075744E /* Info.plist */,
			);
			path = "Guess It WatchKit Extension";
			sourceTree = "<group>";
		};
/* End PBXGroup section */

/* Begin PBXNativeTarget section */
		E58508AB2682603D0075744E /* Guess It */ = {
			isa = PBXNativeTarget;
			buildConfigurationList = E58508E72682603F0075744E /* Build configuration list for PBXNativeTarget "Guess It" */;
			buildPhases = (
				E58508A82682603D0075744E /* Sources */,
				E58508A92682603D0075744E /* Frameworks */,
				E58508AA2682603D0075744E /* Resources */,
				E58508E62682603F0075744E /* Embed Watch Content */,
			);
			buildRules = (
			);
			dependencies = (
				E58508C32682603E0075744E /* PBXTargetDependency */,
			);
			name = "Guess It";
			productName = "Guess It";
			productReference = E58508AC2682603D0075744E /* Guess It.app */;
			productType = "com.apple.product-type.application";
		};
		E58508BF2682603E0075744E /* Guess It WatchKit App */ = {
			isa = PBXNativeTarget;
			buildConfigurationList = E58508E32682603F0075744E /* Build configuration list for PBXNativeTarget "Guess It WatchKit App" */;
			buildPhases = (
				E58508BE2682603E0075744E /* Resources */,
				E58508E22682603F0075744E /* Embed App Extensions */,
			);
			buildRules = (
			);
			dependencies = (
				E58508D22682603F0075744E /* PBXTargetDependency */,
			);
			name = "Guess It WatchKit App";
			productName = "Guess It WatchKit App";
			productReference = E58508C02682603E0075744E /* Guess It WatchKit App.app */;
			productType = "com.apple.product-type.application.watchapp2";
		};
		E58508CE2682603F0075744E /* Guess It WatchKit Extension */ = {
			isa = PBXNativeTarget;
			buildConfigurationList = E58508DF2682603F0075744E /* Build configuration list for PBXNativeTarget "Guess It WatchKit Extension" */;
			buildPhases = (
				E58508CB2682603F0075744E /* Sources */,
				E58508CC2682603F0075744E /* Frameworks */,
				E58508CD2682603F0075744E /* Resources */,
			);
			buildRules = (
			);
			dependencies = (
			);
			name = "Guess It WatchKit Extension";
			productName = "Guess It WatchKit Extension";
			productReference = E58508CF2682603F0075744E /* Guess It WatchKit Extension.appex */;
			productType = "com.apple.product-type.watchkit2-extension";
		};
/* End PBXNativeTarget section */

/* Begin PBXProject section */
		E58508A42682603C0075744E /* Project object */ = {
			isa = PBXProject;
			attributes = {
				LastSwiftUpdateCheck = 1250;
				LastUpgradeCheck = 1250;
				TargetAttributes = {
					E58508AB2682603D0075744E = {
						CreatedOnToolsVersion = 12.5;
					};
					E58508BF2682603E0075744E = {
						CreatedOnToolsVersion = 12.5;
					};
					E58508CE2682603F0075744E = {
						CreatedOnToolsVersion = 12.5;
					};
				};
			};
			buildConfigurationList = E58508A72682603C0075744E /* Build configuration list for PBXProject "Guess It" */;
			compatibilityVersion = "Xcode 9.3";
			developmentRegion = en;
			hasScannedForEncodings = 0;
			knownRegions = (
				en,
				Base,
			);
			mainGroup = E58508A32682603C0075744E;
			productRefGroup = E58508AD2682603D0075744E /* Products */;
			projectDirPath = "";
			projectRoot = "";
			targets = (
				E58508AB2682603D0075744E /* Guess It */,
				E58508BF2682603E0075744E /* Guess It WatchKit App */,
				E58508CE2682603F0075744E /* Guess It WatchKit Extension */,
			);
		};
/* End PBXProject section */

/* Begin PBXResourcesBuildPhase section */
		E58508AA2682603D0075744E /* Resources */ = {
			isa = PBXResourcesBuildPhase;
			buildActionMask = 2147483647;
			files = (
				E58453C42688FF4600D94D05 /* README.md in Resources */,
				E58508BC2682603E0075744E /* LaunchScreen.storyboard in Resources */,
				E58508B92682603E0075744E /* Assets.xcassets in Resources */,
				E58453C12688FDF900D94D05 /* Screenshot01.png in Resources */,
				E58453C22688FDF900D94D05 /* Screenshot02.png in Resources */,
				E58508B72682603D0075744E /* Main.storyboard in Resources */,
			);
			runOnlyForDeploymentPostprocessing = 0;
		};
		E58508BE2682603E0075744E /* Resources */ = {
			isa = PBXResourcesBuildPhase;
			buildActionMask = 2147483647;
			files = (
				E58508C92682603F0075744E /* Assets.xcassets in Resources */,
				E58508C72682603E0075744E /* Interface.storyboard in Resources */,
			);
			runOnlyForDeploymentPostprocessing = 0;
		};
		E58508CD2682603F0075744E /* Resources */ = {
			isa = PBXResourcesBuildPhase;
			buildActionMask = 2147483647;
			files = (
				E58508DB2682603F0075744E /* Assets.xcassets in Resources */,
			);
			runOnlyForDeploymentPostprocessing = 0;
		};
/* End PBXResourcesBuildPhase section */

/* Begin PBXSourcesBuildPhase section */
		E58508A82682603D0075744E /* Sources */ = {
			isa = PBXSourcesBuildPhase;
			buildActionMask = 2147483647;
			files = (
				E58508B02682603D0075744E /* AppDelegate.swift in Sources */,
				E58508B22682603D0075744E /* SceneDelegate.swift in Sources */,
			);
			runOnlyForDeploymentPostprocessing = 0;
		};
		E58508CB2682603F0075744E /* Sources */ = {
			isa = PBXSourcesBuildPhase;
			buildActionMask = 2147483647;
			files = (
				E58508D72682603F0075744E /* ExtensionDelegate.swift in Sources */,
				E58508D52682603F0075744E /* InterfaceController.swift in Sources */,
				E58508D92682603F0075744E /* ComplicationController.swift in Sources */,
				E5A4B42A2685C5D8008564C2 /* FilmModel.swift in Sources */,
			);
			runOnlyForDeploymentPostprocessing = 0;
		};
/* End PBXSourcesBuildPhase section */

/* Begin PBXTargetDependency section */
		E58508C32682603E0075744E /* PBXTargetDependency */ = {
			isa = PBXTargetDependency;
			target = E58508BF2682603E0075744E /* Guess It WatchKit App */;
			targetProxy = E58508C22682603E0075744E /* PBXContainerItemProxy */;
		};
		E58508D22682603F0075744E /* PBXTargetDependency */ = {
			isa = PBXTargetDependency;
			target = E58508CE2682603F0075744E /* Guess It WatchKit Extension */;
			targetProxy = E58508D12682603F0075744E /* PBXContainerItemProxy */;
		};
/* End PBXTargetDependency section */

/* Begin PBXVariantGroup section */
		E58508B52682603D0075744E /* Main.storyboard */ = {
			isa = PBXVariantGroup;
			children = (
				E58508B62682603D0075744E /* Base */,
			);
			name = Main.storyboard;
			sourceTree = "<group>";
		};
		E58508BA2682603E0075744E /* LaunchScreen.storyboard */ = {
			isa = PBXVariantGroup;
			children = (
				E58508BB2682603E0075744E /* Base */,
			);
			name = LaunchScreen.storyboard;
			sourceTree = "<group>";
		};
		E58508C52682603E0075744E /* Interface.storyboard */ = {
			isa = PBXVariantGroup;
			children = (
				E58508C62682603E0075744E /* Base */,
			);
			name = Interface.storyboard;
			sourceTree = "<group>";
		};
/* End PBXVariantGroup section */

/* Begin XCBuildConfiguration section */
		E58508DD2682603F0075744E /* Debug */ = {
			isa = XCBuildConfiguration;
			buildSettings = {
				ALWAYS_SEARCH_USER_PATHS = NO;
				CLANG_ANALYZER_NONNULL = YES;
				CLANG_ANALYZER_NUMBER_OBJECT_CONVERSION = YES_AGGRESSIVE;
				CLANG_CXX_LANGUAGE_STANDARD = "gnu++14";
				CLANG_CXX_LIBRARY = "libc++";
				CLANG_ENABLE_MODULES = YES;
				CLANG_ENABLE_OBJC_ARC = YES;
				CLANG_ENABLE_OBJC_WEAK = YES;
				CLANG_WARN_BLOCK_CAPTURE_AUTORELEASING = YES;
				CLANG_WARN_BOOL_CONVERSION = YES;
				CLANG_WARN_COMMA = YES;
				CLANG_WARN_CONSTANT_CONVERSION = YES;
				CLANG_WARN_DEPRECATED_OBJC_IMPLEMENTATIONS = YES;
				CLANG_WARN_DIRECT_OBJC_ISA_USAGE = YES_ERROR;
				CLANG_WARN_DOCUMENTATION_COMMENTS = YES;
				CLANG_WARN_EMPTY_BODY = YES;
				CLANG_WARN_ENUM_CONVERSION = YES;
				CLANG_WARN_INFINITE_RECURSION = YES;
				CLANG_WARN_INT_CONVERSION = YES;
				CLANG_WARN_NON_LITERAL_NULL_CONVERSION = YES;
				CLANG_WARN_OBJC_IMPLICIT_RETAIN_SELF = YES;
				CLANG_WARN_OBJC_LITERAL_CONVERSION = YES;
				CLANG_WARN_OBJC_ROOT_CLASS = YES_ERROR;
				CLANG_WARN_QUOTED_INCLUDE_IN_FRAMEWORK_HEADER = YES;
				CLANG_WARN_RANGE_LOOP_ANALYSIS = YES;
				CLANG_WARN_STRICT_PROTOTYPES = YES;
				CLANG_WARN_SUSPICIOUS_MOVE = YES;
				CLANG_WARN_UNGUARDED_AVAILABILITY = YES_AGGRESSIVE;
				CLANG_WARN_UNREACHABLE_CODE = YES;
				CLANG_WARN__DUPLICATE_METHOD_MATCH = YES;
				COPY_PHASE_STRIP = NO;
				DEBUG_INFORMATION_FORMAT = dwarf;
				ENABLE_STRICT_OBJC_MSGSEND = YES;
				ENABLE_TESTABILITY = YES;
				GCC_C_LANGUAGE_STANDARD = gnu11;
				GCC_DYNAMIC_NO_PIC = NO;
				GCC_NO_COMMON_BLOCKS = YES;
				GCC_OPTIMIZATION_LEVEL = 0;
				GCC_PREPROCESSOR_DEFINITIONS = (
					"DEBUG=1",
					"$(inherited)",
				);
				GCC_WARN_64_TO_32_BIT_CONVERSION = YES;
				GCC_WARN_ABOUT_RETURN_TYPE = YES_ERROR;
				GCC_WARN_UNDECLARED_SELECTOR = YES;
				GCC_WARN_UNINITIALIZED_AUTOS = YES_AGGRESSIVE;
				GCC_WARN_UNUSED_FUNCTION = YES;
				GCC_WARN_UNUSED_VARIABLE = YES;
				MTL_ENABLE_DEBUG_INFO = INCLUDE_SOURCE;
				MTL_FAST_MATH = YES;
				ONLY_ACTIVE_ARCH = YES;
				SWIFT_ACTIVE_COMPILATION_CONDITIONS = DEBUG;
				SWIFT_OPTIMIZATION_LEVEL = "-Onone";
			};
			name = Debug;
		};
		E58508DE2682603F0075744E /* Release */ = {
			isa = XCBuildConfiguration;
			buildSettings = {
				ALWAYS_SEARCH_USER_PATHS = NO;
				CLANG_ANALYZER_NONNULL = YES;
				CLANG_ANALYZER_NUMBER_OBJECT_CONVERSION = YES_AGGRESSIVE;
				CLANG_CXX_LANGUAGE_STANDARD = "gnu++14";
				CLANG_CXX_LIBRARY = "libc++";
				CLANG_ENABLE_MODULES = YES;
				CLANG_ENABLE_OBJC_ARC = YES;
				CLANG_ENABLE_OBJC_WEAK = YES;
				CLANG_WARN_BLOCK_CAPTURE_AUTORELEASING = YES;
				CLANG_WARN_BOOL_CONVERSION = YES;
				CLANG_WARN_COMMA = YES;
				CLANG_WARN_CONSTANT_CONVERSION = YES;
				CLANG_WARN_DEPRECATED_OBJC_IMPLEMENTATIONS = YES;
				CLANG_WARN_DIRECT_OBJC_ISA_USAGE = YES_ERROR;
				CLANG_WARN_DOCUMENTATION_COMMENTS = YES;
				CLANG_WARN_EMPTY_BODY = YES;
				CLANG_WARN_ENUM_CONVERSION = YES;
				CLANG_WARN_INFINITE_RECURSION = YES;
				CLANG_WARN_INT_CONVERSION = YES;
				CLANG_WARN_NON_LITERAL_NULL_CONVERSION = YES;
				CLANG_WARN_OBJC_IMPLICIT_RETAIN_SELF = YES;
				CLANG_WARN_OBJC_LITERAL_CONVERSION = YES;
				CLANG_WARN_OBJC_ROOT_CLASS = YES_ERROR;
				CLANG_WARN_QUOTED_INCLUDE_IN_FRAMEWORK_HEADER = YES;
				CLANG_WARN_RANGE_LOOP_ANALYSIS = YES;
				CLANG_WARN_STRICT_PROTOTYPES = YES;
				CLANG_WARN_SUSPICIOUS_MOVE = YES;
				CLANG_WARN_UNGUARDED_AVAILABILITY = YES_AGGRESSIVE;
				CLANG_WARN_UNREACHABLE_CODE = YES;
				CLANG_WARN__DUPLICATE_METHOD_MATCH = YES;
				COPY_PHASE_STRIP = NO;
				DEBUG_INFORMATION_FORMAT = "dwarf-with-dsym";
				ENABLE_NS_ASSERTIONS = NO;
				ENABLE_STRICT_OBJC_MSGSEND = YES;
				GCC_C_LANGUAGE_STANDARD = gnu11;
				GCC_NO_COMMON_BLOCKS = YES;
				GCC_WARN_64_TO_32_BIT_CONVERSION = YES;
				GCC_WARN_ABOUT_RETURN_TYPE = YES_ERROR;
				GCC_WARN_UNDECLARED_SELECTOR = YES;
				GCC_WARN_UNINITIALIZED_AUTOS = YES_AGGRESSIVE;
				GCC_WARN_UNUSED_FUNCTION = YES;
				GCC_WARN_UNUSED_VARIABLE = YES;
				MTL_ENABLE_DEBUG_INFO = NO;
				MTL_FAST_MATH = YES;
				SWIFT_COMPILATION_MODE = wholemodule;
				SWIFT_OPTIMIZATION_LEVEL = "-O";
			};
			name = Release;
		};
		E58508E02682603F0075744E /* Debug */ = {
			isa = XCBuildConfiguration;
			buildSettings = {
				ASSETCATALOG_COMPILER_COMPLICATION_NAME = Complication;
				CODE_SIGN_STYLE = Automatic;
				DEVELOPMENT_TEAM = Z4HK5Y82J4;
				INFOPLIST_FILE = "Guess It WatchKit Extension/Info.plist";
				LD_RUNPATH_SEARCH_PATHS = (
					"$(inherited)",
					"@executable_path/Frameworks",
					"@executable_path/../../Frameworks",
				);
				PRODUCT_BUNDLE_IDENTIFIER = "ru.nikkochet.Guess-It.watchkitapp.watchkitextension";
				PRODUCT_NAME = "${TARGET_NAME}";
				SDKROOT = watchos;
				SKIP_INSTALL = YES;
				SWIFT_VERSION = 5.0;
				TARGETED_DEVICE_FAMILY = 4;
				WATCHOS_DEPLOYMENT_TARGET = 7.4;
			};
			name = Debug;
		};
		E58508E12682603F0075744E /* Release */ = {
			isa = XCBuildConfiguration;
			buildSettings = {
				ASSETCATALOG_COMPILER_COMPLICATION_NAME = Complication;
				CODE_SIGN_STYLE = Automatic;
				DEVELOPMENT_TEAM = Z4HK5Y82J4;
				INFOPLIST_FILE = "Guess It WatchKit Extension/Info.plist";
				LD_RUNPATH_SEARCH_PATHS = (
					"$(inherited)",
					"@executable_path/Frameworks",
					"@executable_path/../../Frameworks",
				);
				PRODUCT_BUNDLE_IDENTIFIER = "ru.nikkochet.Guess-It.watchkitapp.watchkitextension";
				PRODUCT_NAME = "${TARGET_NAME}";
				SDKROOT = watchos;
				SKIP_INSTALL = YES;
				SWIFT_VERSION = 5.0;
				TARGETED_DEVICE_FAMILY = 4;
				VALIDATE_PRODUCT = YES;
				WATCHOS_DEPLOYMENT_TARGET = 7.4;
			};
			name = Release;
		};
		E58508E42682603F0075744E /* Debug */ = {
			isa = XCBuildConfiguration;
			buildSettings = {
				ALWAYS_EMBED_SWIFT_STANDARD_LIBRARIES = YES;
				ASSETCATALOG_COMPILER_APPICON_NAME = AppIcon;
				ASSETCATALOG_COMPILER_GLOBAL_ACCENT_COLOR_NAME = AccentColor;
				CODE_SIGN_STYLE = Automatic;
				DEVELOPMENT_TEAM = Z4HK5Y82J4;
				IBSC_MODULE = Guess_It_WatchKit_Extension;
				INFOPLIST_FILE = "Guess It WatchKit App/Info.plist";
				PRODUCT_BUNDLE_IDENTIFIER = "ru.nikkochet.Guess-It.watchkitapp";
				PRODUCT_NAME = "$(TARGET_NAME)";
				SDKROOT = watchos;
				SKIP_INSTALL = YES;
				SWIFT_VERSION = 5.0;
				TARGETED_DEVICE_FAMILY = 4;
				WATCHOS_DEPLOYMENT_TARGET = 7.4;
			};
			name = Debug;
		};
		E58508E52682603F0075744E /* Release */ = {
			isa = XCBuildConfiguration;
			buildSettings = {
				ALWAYS_EMBED_SWIFT_STANDARD_LIBRARIES = YES;
				ASSETCATALOG_COMPILER_APPICON_NAME = AppIcon;
				ASSETCATALOG_COMPILER_GLOBAL_ACCENT_COLOR_NAME = AccentColor;
				CODE_SIGN_STYLE = Automatic;
				DEVELOPMENT_TEAM = Z4HK5Y82J4;
				IBSC_MODULE = Guess_It_WatchKit_Extension;
				INFOPLIST_FILE = "Guess It WatchKit App/Info.plist";
				PRODUCT_BUNDLE_IDENTIFIER = "ru.nikkochet.Guess-It.watchkitapp";
				PRODUCT_NAME = "$(TARGET_NAME)";
				SDKROOT = watchos;
				SKIP_INSTALL = YES;
				SWIFT_VERSION = 5.0;
				TARGETED_DEVICE_FAMILY = 4;
				VALIDATE_PRODUCT = YES;
				WATCHOS_DEPLOYMENT_TARGET = 7.4;
			};
			name = Release;
		};
		E58508E82682603F0075744E /* Debug */ = {
			isa = XCBuildConfiguration;
			buildSettings = {
				ASSETCATALOG_COMPILER_APPICON_NAME = AppIcon;
				ASSETCATALOG_COMPILER_GLOBAL_ACCENT_COLOR_NAME = AccentColor;
				CODE_SIGN_STYLE = Automatic;
				DEVELOPMENT_TEAM = Z4HK5Y82J4;
				INFOPLIST_FILE = "Guess It/Info.plist";
				IPHONEOS_DEPLOYMENT_TARGET = 14.5;
				LD_RUNPATH_SEARCH_PATHS = (
					"$(inherited)",
					"@executable_path/Frameworks",
				);
				PRODUCT_BUNDLE_IDENTIFIER = "ru.nikkochet.Guess-It";
				PRODUCT_NAME = "$(TARGET_NAME)";
				SDKROOT = iphoneos;
				SWIFT_VERSION = 5.0;
				TARGETED_DEVICE_FAMILY = "1,2";
			};
			name = Debug;
		};
		E58508E92682603F0075744E /* Release */ = {
			isa = XCBuildConfiguration;
			buildSettings = {
				ASSETCATALOG_COMPILER_APPICON_NAME = AppIcon;
				ASSETCATALOG_COMPILER_GLOBAL_ACCENT_COLOR_NAME = AccentColor;
				CODE_SIGN_STYLE = Automatic;
				DEVELOPMENT_TEAM = Z4HK5Y82J4;
				INFOPLIST_FILE = "Guess It/Info.plist";
				IPHONEOS_DEPLOYMENT_TARGET = 14.5;
				LD_RUNPATH_SEARCH_PATHS = (
					"$(inherited)",
					"@executable_path/Frameworks",
				);
				PRODUCT_BUNDLE_IDENTIFIER = "ru.nikkochet.Guess-It";
				PRODUCT_NAME = "$(TARGET_NAME)";
				SDKROOT = iphoneos;
				SWIFT_VERSION = 5.0;
				TARGETED_DEVICE_FAMILY = "1,2";
				VALIDATE_PRODUCT = YES;
			};
			name = Release;
		};
/* End XCBuildConfiguration section */

/* Begin XCConfigurationList section */
		E58508A72682603C0075744E /* Build configuration list for PBXProject "Guess It" */ = {
			isa = XCConfigurationList;
			buildConfigurations = (
				E58508DD2682603F0075744E /* Debug */,
				E58508DE2682603F0075744E /* Release */,
			);
			defaultConfigurationIsVisible = 0;
			defaultConfigurationName = Release;
		};
		E58508DF2682603F0075744E /* Build configuration list for PBXNativeTarget "Guess It WatchKit Extension" */ = {
			isa = XCConfigurationList;
			buildConfigurations = (
				E58508E02682603F0075744E /* Debug */,
				E58508E12682603F0075744E /* Release */,
			);
			defaultConfigurationIsVisible = 0;
			defaultConfigurationName = Release;
		};
		E58508E32682603F0075744E /* Build configuration list for PBXNativeTarget "Guess It WatchKit App" */ = {
			isa = XCConfigurationList;
			buildConfigurations = (
				E58508E42682603F0075744E /* Debug */,
				E58508E52682603F0075744E /* Release */,
			);
			defaultConfigurationIsVisible = 0;
			defaultConfigurationName = Release;
		};
		E58508E72682603F0075744E /* Build configuration list for PBXNativeTarget "Guess It" */ = {
			isa = XCConfigurationList;
			buildConfigurations = (
				E58508E82682603F0075744E /* Debug */,
				E58508E92682603F0075744E /* Release */,
			);
			defaultConfigurationIsVisible = 0;
			defaultConfigurationName = Release;
		};
/* End XCConfigurationList section */
	};
	rootObject = E58508A42682603C0075744E /* Project object */;
}
